
Microsoft Visual Studio Solution File, Format Version 12.00
# Visual Studio Version 16
VisualStudioVersion = 25.0.1706.5
MinimumVisualStudioVersion = 10.0.40219.1
Project("{FAE04EC0-301F-11D3-BF4B-00C04F79EFBC}") = "Discount", "Discount\Discount.csproj", "{4813F34F-64A7-476F-924C-B4968772E5C0}"
EndProject
Project("{FAE04EC0-301F-11D3-BF4B-00C04F79EFBC}") = "Discount.Data", "Discount.Data\Discount.Data.csproj", "{62F9499F-B5EB-47C9-92D7-89C22B2CDCE6}"
EndProject
Project("{FAE04EC0-301F-11D3-BF4B-00C04F79EFBC}") = "Discount.BLL", "Discount.BLL\Discount.BLL.csproj", "{BCAF352D-9FA2-4556-B955-A2763EEB28AA}"
EndProject
Global
	GlobalSection(SolutionConfigurationPlatforms) = preSolution
		Debug|Any CPU = Debug|Any CPU
		Release|Any CPU = Release|Any CPU
	EndGlobalSection
	GlobalSection(ProjectConfigurationPlatforms) = postSolution
		{4813F34F-64A7-476F-924C-B4968772E5C0}.Debug|Any CPU.ActiveCfg = Debug|Any CPU
		{4813F34F-64A7-476F-924C-B4968772E5C0}.Debug|Any CPU.Build.0 = Debug|Any CPU
		{4813F34F-64A7-476F-924C-B4968772E5C0}.Release|Any CPU.ActiveCfg = Release|Any CPU
		{4813F34F-64A7-476F-924C-B4968772E5C0}.Release|Any CPU.Build.0 = Release|Any CPU
		{62F9499F-B5EB-47C9-92D7-89C22B2CDCE6}.Debug|Any CPU.ActiveCfg = Debug|Any CPU
		{62F9499F-B5EB-47C9-92D7-89C22B2CDCE6}.Debug|Any CPU.Build.0 = Debug|Any CPU
		{62F9499F-B5EB-47C9-92D7-89C22B2CDCE6}.Release|Any CPU.ActiveCfg = Release|Any CPU
		{62F9499F-B5EB-47C9-92D7-89C22B2CDCE6}.Release|Any CPU.Build.0 = Release|Any CPU
		{BCAF352D-9FA2-4556-B955-A2763EEB28AA}.Debug|Any CPU.ActiveCfg = Debug|Any CPU
		{BCAF352D-9FA2-4556-B955-A2763EEB28AA}.Debug|Any CPU.Build.0 = Debug|Any CPU
		{BCAF352D-9FA2-4556-B955-A2763EEB28AA}.Release|Any CPU.ActiveCfg = Release|Any CPU
		{BCAF352D-9FA2-4556-B955-A2763EEB28AA}.Release|Any CPU.Build.0 = Release|Any CPU
	EndGlobalSection
	GlobalSection(SolutionProperties) = preSolution
		HideSolutionNode = FALSE
	EndGlobalSection
	GlobalSection(ExtensibilityGlobals) = postSolution
		SolutionGuid = {E29C98CD-43DD-4EA0-A506-304716BCEEB6}
	EndGlobalSection
EndGlobal
